
Microsoft Visual Studio Solution File, Format Version 12.00
# Visual Studio Version 16
VisualStudioVersion = 16.0.32802.440
MinimumVisualStudioVersion = 10.0.40219.1
Project("{FAE04EC0-301F-11D3-BF4B-00C04F79EFBC}") = "Tp2 XML", "Tp2 XML\Tp2 XML.csproj", "{A0ADD433-EE37-4271-951E-8EBA6968BEDC}"
EndProject
Global
	GlobalSection(SolutionConfigurationPlatforms) = preSolution
		Debug|Any CPU = Debug|Any CPU
		Release|Any CPU = Release|Any CPU
	EndGlobalSection
	GlobalSection(ProjectConfigurationPlatforms) = postSolution
		{A0ADD433-EE37-4271-951E-8EBA6968BEDC}.Debug|Any CPU.ActiveCfg = Debug|Any CPU
		{A0ADD433-EE37-4271-951E-8EBA6968BEDC}.Debug|Any CPU.Build.0 = Debug|Any CPU
		{A0ADD433-EE37-4271-951E-8EBA6968BEDC}.Release|Any CPU.ActiveCfg = Release|Any CPU
		{A0ADD433-EE37-4271-951E-8EBA6968BEDC}.Release|Any CPU.Build.0 = Release|Any CPU
	EndGlobalSection
	GlobalSection(SolutionProperties) = preSolution
		HideSolutionNode = FALSE
	EndGlobalSection
	GlobalSection(ExtensibilityGlobals) = postSolution
		SolutionGuid = {5ECFC99B-4F21-4A0A-BEFA-A6C7AA17DEDA}
	EndGlobalSection
EndGlobal
